// !$*UTF8*$!
{
	archiveVersion = 1;
	classes = {
	};
	objectVersion = 46;
	objects = {

/* Begin PBXBuildFile section */
		042701281F1EB7D000133257 /* DexcomBridge.swift in Sources */ = {isa = PBXBuildFile; fileRef = 042701271F1EB7D000133257 /* DexcomBridge.swift */; };
		0427012A1F1EC85200133257 /* BGSample.swift in Sources */ = {isa = PBXBuildFile; fileRef = 042701291F1EC85200133257 /* BGSample.swift */; };
		042FD2E61F2498AC00A6DF49 /* Utils.swift in Sources */ = {isa = PBXBuildFile; fileRef = 042FD2E51F2498AB00A6DF49 /* Utils.swift */; };
		042FD2EA1F2696AD00A6DF49 /* ChartManager.swift in Sources */ = {isa = PBXBuildFile; fileRef = 042FD2E91F2696AD00A6DF49 /* ChartManager.swift */; };
		042FD2ED1F26ABAE00A6DF49 /* rob.jpg in Resources */ = {isa = PBXBuildFile; fileRef = 042FD2EC1F26ABAE00A6DF49 /* rob.jpg */; };
		04471C9E1F181AB900F1023A /* UserNotifications.framework in Frameworks */ = {isa = PBXBuildFile; fileRef = 04471C9D1F181AB900F1023A /* UserNotifications.framework */; };
		04471CA01F18982200F1023A /* HKManager.swift in Sources */ = {isa = PBXBuildFile; fileRef = 04471C9F1F18982200F1023A /* HKManager.swift */; };
		04471CA21F1898DD00F1023A /* Math.swift in Sources */ = {isa = PBXBuildFile; fileRef = 04471CA11F1898DD00F1023A /* Math.swift */; };
		04471CA41F18A29000F1023A /* EventDispatcher.swift in Sources */ = {isa = PBXBuildFile; fileRef = 04471CA31F18A29000F1023A /* EventDispatcher.swift */; };
		04471CA61F1ABC1D00F1023A /* UserNotificationsUI.framework in Frameworks */ = {isa = PBXBuildFile; fileRef = 04471CA51F1ABC1D00F1023A /* UserNotificationsUI.framework */; };
		044CEDE21F169E4E005CBD0E /* AppDelegate.swift in Sources */ = {isa = PBXBuildFile; fileRef = 044CEDE11F169E4E005CBD0E /* AppDelegate.swift */; };
		044CEDE41F169E4E005CBD0E /* ViewController.swift in Sources */ = {isa = PBXBuildFile; fileRef = 044CEDE31F169E4E005CBD0E /* ViewController.swift */; };
		044CEDE71F169E4E005CBD0E /* Main.storyboard in Resources */ = {isa = PBXBuildFile; fileRef = 044CEDE51F169E4E005CBD0E /* Main.storyboard */; };
		044CEDEA1F169E4E005CBD0E /* Beacon.xcdatamodeld in Sources */ = {isa = PBXBuildFile; fileRef = 044CEDE81F169E4E005CBD0E /* Beacon.xcdatamodeld */; };
		044CEDEC1F169E4E005CBD0E /* Assets.xcassets in Resources */ = {isa = PBXBuildFile; fileRef = 044CEDEB1F169E4E005CBD0E /* Assets.xcassets */; };
		044CEDEF1F169E4E005CBD0E /* LaunchScreen.storyboard in Resources */ = {isa = PBXBuildFile; fileRef = 044CEDED1F169E4E005CBD0E /* LaunchScreen.storyboard */; };
		044CEDFA1F169E4F005CBD0E /* BeaconTests.swift in Sources */ = {isa = PBXBuildFile; fileRef = 044CEDF91F169E4F005CBD0E /* BeaconTests.swift */; };
		044CEE051F169E4F005CBD0E /* BeaconUITests.swift in Sources */ = {isa = PBXBuildFile; fileRef = 044CEE041F169E4F005CBD0E /* BeaconUITests.swift */; };
		044CEE181F16C32D005CBD0E /* Interface.storyboard in Resources */ = {isa = PBXBuildFile; fileRef = 044CEE161F16C32D005CBD0E /* Interface.storyboard */; };
		044CEE1A1F16C32D005CBD0E /* Assets.xcassets in Resources */ = {isa = PBXBuildFile; fileRef = 044CEE191F16C32D005CBD0E /* Assets.xcassets */; };
		044CEE211F16C32D005CBD0E /* Scout Watch App Extension.appex in Embed App Extensions */ = {isa = PBXBuildFile; fileRef = 044CEE201F16C32D005CBD0E /* Scout Watch App Extension.appex */; settings = {ATTRIBUTES = (RemoveHeadersOnCopy, ); }; };
		044CEE281F16C32D005CBD0E /* InterfaceController.swift in Sources */ = {isa = PBXBuildFile; fileRef = 044CEE271F16C32D005CBD0E /* InterfaceController.swift */; };
		044CEE2A1F16C32D005CBD0E /* ExtensionDelegate.swift in Sources */ = {isa = PBXBuildFile; fileRef = 044CEE291F16C32D005CBD0E /* ExtensionDelegate.swift */; };
		044CEE2C1F16C32D005CBD0E /* NotificationController.swift in Sources */ = {isa = PBXBuildFile; fileRef = 044CEE2B1F16C32D005CBD0E /* NotificationController.swift */; };
		044CEE2E1F16C32D005CBD0E /* ComplicationController.swift in Sources */ = {isa = PBXBuildFile; fileRef = 044CEE2D1F16C32D005CBD0E /* ComplicationController.swift */; };
		044CEE301F16C32D005CBD0E /* Assets.xcassets in Resources */ = {isa = PBXBuildFile; fileRef = 044CEE2F1F16C32D005CBD0E /* Assets.xcassets */; };
		044CEE341F16C32D005CBD0E /* Scout Watch App.app in Embed Watch Content */ = {isa = PBXBuildFile; fileRef = 044CEE141F16C32D005CBD0E /* Scout Watch App.app */; };
		044CEE481F16E132005CBD0E /* HealthKit.framework in Frameworks */ = {isa = PBXBuildFile; fileRef = 044CEE471F16E132005CBD0E /* HealthKit.framework */; };
		044CEE4A1F16E51D005CBD0E /* HealthKit.framework in Frameworks */ = {isa = PBXBuildFile; fileRef = 044CEE491F16E51D005CBD0E /* HealthKit.framework */; };
		046D86E41F20FD1D000BC423 /* Charts.framework in Frameworks */ = {isa = PBXBuildFile; fileRef = 046D86E11F20FCDB000BC423 /* Charts.framework */; };
		046D86E51F20FD1D000BC423 /* Charts.framework in Embed Frameworks */ = {isa = PBXBuildFile; fileRef = 046D86E11F20FCDB000BC423 /* Charts.framework */; settings = {ATTRIBUTES = (CodeSignOnCopy, RemoveHeadersOnCopy, ); }; };
/* End PBXBuildFile section */

/* Begin PBXContainerItemProxy section */
		044CEDF61F169E4F005CBD0E /* PBXContainerItemProxy */ = {
			isa = PBXContainerItemProxy;
			containerPortal = 044CEDD61F169E4E005CBD0E /* Project object */;
			proxyType = 1;
			remoteGlobalIDString = 044CEDDD1F169E4E005CBD0E;
			remoteInfo = Beacon;
		};
		044CEE011F169E4F005CBD0E /* PBXContainerItemProxy */ = {
			isa = PBXContainerItemProxy;
			containerPortal = 044CEDD61F169E4E005CBD0E /* Project object */;
			proxyType = 1;
			remoteGlobalIDString = 044CEDDD1F169E4E005CBD0E;
			remoteInfo = Beacon;
		};
		044CEE221F16C32D005CBD0E /* PBXContainerItemProxy */ = {
			isa = PBXContainerItemProxy;
			containerPortal = 044CEDD61F169E4E005CBD0E /* Project object */;
			proxyType = 1;
			remoteGlobalIDString = 044CEE1F1F16C32D005CBD0E;
			remoteInfo = "Scout Watch App Extension";
		};
		044CEE321F16C32D005CBD0E /* PBXContainerItemProxy */ = {
			isa = PBXContainerItemProxy;
			containerPortal = 044CEDD61F169E4E005CBD0E /* Project object */;
			proxyType = 1;
			remoteGlobalIDString = 044CEE131F16C32D005CBD0E;
			remoteInfo = "Scout Watch App";
		};
		046D86E01F20FCDB000BC423 /* PBXContainerItemProxy */ = {
			isa = PBXContainerItemProxy;
			containerPortal = 046D86DB1F20FCDB000BC423 /* Charts.xcodeproj */;
			proxyType = 2;
			remoteGlobalIDString = 06165F241D8110E600722320;
			remoteInfo = Charts;
		};
		046D86E21F20FCDB000BC423 /* PBXContainerItemProxy */ = {
			isa = PBXContainerItemProxy;
			containerPortal = 046D86DB1F20FCDB000BC423 /* Charts.xcodeproj */;
			proxyType = 2;
			remoteGlobalIDString = 06165F2E1D8110E600722320;
			remoteInfo = ChartsTests;
		};
		046D86E61F20FD1D000BC423 /* PBXContainerItemProxy */ = {
			isa = PBXContainerItemProxy;
			containerPortal = 046D86DB1F20FCDB000BC423 /* Charts.xcodeproj */;
			proxyType = 1;
			remoteGlobalIDString = 06165F231D8110E600722320;
			remoteInfo = Charts;
		};
/* End PBXContainerItemProxy section */

/* Begin PBXCopyFilesBuildPhase section */
		044CEE381F16C32D005CBD0E /* Embed App Extensions */ = {
			isa = PBXCopyFilesBuildPhase;
			buildActionMask = 2147483647;
			dstPath = "";
			dstSubfolderSpec = 13;
			files = (
				044CEE211F16C32D005CBD0E /* Scout Watch App Extension.appex in Embed App Extensions */,
			);
			name = "Embed App Extensions";
			runOnlyForDeploymentPostprocessing = 0;
		};
		044CEE3C1F16C32D005CBD0E /* Embed Watch Content */ = {
			isa = PBXCopyFilesBuildPhase;
			buildActionMask = 2147483647;
			dstPath = "$(CONTENTS_FOLDER_PATH)/Watch";
			dstSubfolderSpec = 16;
			files = (
				044CEE341F16C32D005CBD0E /* Scout Watch App.app in Embed Watch Content */,
			);
			name = "Embed Watch Content";
			runOnlyForDeploymentPostprocessing = 0;
		};
		046D86E81F20FD1E000BC423 /* Embed Frameworks */ = {
			isa = PBXCopyFilesBuildPhase;
			buildActionMask = 2147483647;
			dstPath = "";
			dstSubfolderSpec = 10;
			files = (
				046D86E51F20FD1D000BC423 /* Charts.framework in Embed Frameworks */,
			);
			name = "Embed Frameworks";
			runOnlyForDeploymentPostprocessing = 0;
		};
/* End PBXCopyFilesBuildPhase section */

/* Begin PBXFileReference section */
		042701271F1EB7D000133257 /* DexcomBridge.swift */ = {isa = PBXFileReference; fileEncoding = 4; lastKnownFileType = sourcecode.swift; path = DexcomBridge.swift; sourceTree = "<group>"; };
		042701291F1EC85200133257 /* BGSample.swift */ = {isa = PBXFileReference; fileEncoding = 4; lastKnownFileType = sourcecode.swift; path = BGSample.swift; sourceTree = "<group>"; };
		042FD2E51F2498AB00A6DF49 /* Utils.swift */ = {isa = PBXFileReference; fileEncoding = 4; lastKnownFileType = sourcecode.swift; name = Utils.swift; path = ../Utils.swift; sourceTree = "<group>"; };
		042FD2E91F2696AD00A6DF49 /* ChartManager.swift */ = {isa = PBXFileReference; fileEncoding = 4; lastKnownFileType = sourcecode.swift; path = ChartManager.swift; sourceTree = "<group>"; };
		042FD2EC1F26ABAE00A6DF49 /* rob.jpg */ = {isa = PBXFileReference; lastKnownFileType = image.jpeg; path = rob.jpg; sourceTree = "<group>"; };
		04471C9D1F181AB900F1023A /* UserNotifications.framework */ = {isa = PBXFileReference; lastKnownFileType = wrapper.framework; name = UserNotifications.framework; path = System/Library/Frameworks/UserNotifications.framework; sourceTree = SDKROOT; };
		04471C9F1F18982200F1023A /* HKManager.swift */ = {isa = PBXFileReference; fileEncoding = 4; lastKnownFileType = sourcecode.swift; path = HKManager.swift; sourceTree = "<group>"; };
		04471CA11F1898DD00F1023A /* Math.swift */ = {isa = PBXFileReference; fileEncoding = 4; lastKnownFileType = sourcecode.swift; path = Math.swift; sourceTree = "<group>"; };
		04471CA31F18A29000F1023A /* EventDispatcher.swift */ = {isa = PBXFileReference; fileEncoding = 4; lastKnownFileType = sourcecode.swift; path = EventDispatcher.swift; sourceTree = "<group>"; };
		04471CA51F1ABC1D00F1023A /* UserNotificationsUI.framework */ = {isa = PBXFileReference; lastKnownFileType = wrapper.framework; name = UserNotificationsUI.framework; path = System/Library/Frameworks/UserNotificationsUI.framework; sourceTree = SDKROOT; };
		044CEDDE1F169E4E005CBD0E /* Hal.app */ = {isa = PBXFileReference; explicitFileType = wrapper.application; includeInIndex = 0; path = Hal.app; sourceTree = BUILT_PRODUCTS_DIR; };
		044CEDE11F169E4E005CBD0E /* AppDelegate.swift */ = {isa = PBXFileReference; lastKnownFileType = sourcecode.swift; path = AppDelegate.swift; sourceTree = "<group>"; };
		044CEDE31F169E4E005CBD0E /* ViewController.swift */ = {isa = PBXFileReference; lastKnownFileType = sourcecode.swift; path = ViewController.swift; sourceTree = "<group>"; };
		044CEDE61F169E4E005CBD0E /* Base */ = {isa = PBXFileReference; lastKnownFileType = file.storyboard; name = Base; path = Base.lproj/Main.storyboard; sourceTree = "<group>"; };
		044CEDE91F169E4E005CBD0E /* Beacon.xcdatamodel */ = {isa = PBXFileReference; lastKnownFileType = wrapper.xcdatamodel; path = Beacon.xcdatamodel; sourceTree = "<group>"; };
		044CEDEB1F169E4E005CBD0E /* Assets.xcassets */ = {isa = PBXFileReference; lastKnownFileType = folder.assetcatalog; path = Assets.xcassets; sourceTree = "<group>"; };
		044CEDEE1F169E4E005CBD0E /* Base */ = {isa = PBXFileReference; lastKnownFileType = file.storyboard; name = Base; path = Base.lproj/LaunchScreen.storyboard; sourceTree = "<group>"; };
		044CEDF01F169E4E005CBD0E /* Info.plist */ = {isa = PBXFileReference; lastKnownFileType = text.plist.xml; path = Info.plist; sourceTree = "<group>"; };
		044CEDF51F169E4E005CBD0E /* HalTests.xctest */ = {isa = PBXFileReference; explicitFileType = wrapper.cfbundle; includeInIndex = 0; path = HalTests.xctest; sourceTree = BUILT_PRODUCTS_DIR; };
		044CEDF91F169E4F005CBD0E /* BeaconTests.swift */ = {isa = PBXFileReference; lastKnownFileType = sourcecode.swift; path = BeaconTests.swift; sourceTree = "<group>"; };
		044CEDFB1F169E4F005CBD0E /* Info.plist */ = {isa = PBXFileReference; lastKnownFileType = text.plist.xml; path = Info.plist; sourceTree = "<group>"; };
		044CEE001F169E4F005CBD0E /* HalUITests.xctest */ = {isa = PBXFileReference; explicitFileType = wrapper.cfbundle; includeInIndex = 0; path = HalUITests.xctest; sourceTree = BUILT_PRODUCTS_DIR; };
		044CEE041F169E4F005CBD0E /* BeaconUITests.swift */ = {isa = PBXFileReference; lastKnownFileType = sourcecode.swift; path = BeaconUITests.swift; sourceTree = "<group>"; };
		044CEE061F169E4F005CBD0E /* Info.plist */ = {isa = PBXFileReference; lastKnownFileType = text.plist.xml; path = Info.plist; sourceTree = "<group>"; };
		044CEE141F16C32D005CBD0E /* Scout Watch App.app */ = {isa = PBXFileReference; explicitFileType = wrapper.application; includeInIndex = 0; path = "Scout Watch App.app"; sourceTree = BUILT_PRODUCTS_DIR; };
		044CEE171F16C32D005CBD0E /* Base */ = {isa = PBXFileReference; lastKnownFileType = file.storyboard; name = Base; path = Base.lproj/Interface.storyboard; sourceTree = "<group>"; };
		044CEE191F16C32D005CBD0E /* Assets.xcassets */ = {isa = PBXFileReference; lastKnownFileType = folder.assetcatalog; path = Assets.xcassets; sourceTree = "<group>"; };
		044CEE1B1F16C32D005CBD0E /* Info.plist */ = {isa = PBXFileReference; lastKnownFileType = text.plist.xml; path = Info.plist; sourceTree = "<group>"; };
		044CEE201F16C32D005CBD0E /* Scout Watch App Extension.appex */ = {isa = PBXFileReference; explicitFileType = "wrapper.app-extension"; includeInIndex = 0; path = "Scout Watch App Extension.appex"; sourceTree = BUILT_PRODUCTS_DIR; };
		044CEE261F16C32D005CBD0E /* PushNotificationPayload.apns */ = {isa = PBXFileReference; lastKnownFileType = text; path = PushNotificationPayload.apns; sourceTree = "<group>"; };
		044CEE271F16C32D005CBD0E /* InterfaceController.swift */ = {isa = PBXFileReference; lastKnownFileType = sourcecode.swift; path = InterfaceController.swift; sourceTree = "<group>"; };
		044CEE291F16C32D005CBD0E /* ExtensionDelegate.swift */ = {isa = PBXFileReference; lastKnownFileType = sourcecode.swift; path = ExtensionDelegate.swift; sourceTree = "<group>"; };
		044CEE2B1F16C32D005CBD0E /* NotificationController.swift */ = {isa = PBXFileReference; lastKnownFileType = sourcecode.swift; path = NotificationController.swift; sourceTree = "<group>"; };
		044CEE2D1F16C32D005CBD0E /* ComplicationController.swift */ = {isa = PBXFileReference; lastKnownFileType = sourcecode.swift; path = ComplicationController.swift; sourceTree = "<group>"; };
		044CEE2F1F16C32D005CBD0E /* Assets.xcassets */ = {isa = PBXFileReference; lastKnownFileType = folder.assetcatalog; path = Assets.xcassets; sourceTree = "<group>"; };
		044CEE311F16C32D005CBD0E /* Info.plist */ = {isa = PBXFileReference; lastKnownFileType = text.plist.xml; path = Info.plist; sourceTree = "<group>"; };
		044CEE3D1F16D076005CBD0E /* Beacon.entitlements */ = {isa = PBXFileReference; lastKnownFileType = text.plist.entitlements; path = Beacon.entitlements; sourceTree = "<group>"; };
		044CEE471F16E132005CBD0E /* HealthKit.framework */ = {isa = PBXFileReference; lastKnownFileType = wrapper.framework; name = HealthKit.framework; path = System/Library/Frameworks/HealthKit.framework; sourceTree = SDKROOT; };
		044CEE491F16E51D005CBD0E /* HealthKit.framework */ = {isa = PBXFileReference; lastKnownFileType = wrapper.framework; name = HealthKit.framework; path = Platforms/WatchOS.platform/Developer/SDKs/WatchOS3.2.sdk/System/Library/Frameworks/HealthKit.framework; sourceTree = DEVELOPER_DIR; };
		044CEE4B1F16E51D005CBD0E /* Scout Watch App Extension.entitlements */ = {isa = PBXFileReference; lastKnownFileType = text.plist.entitlements; path = "Scout Watch App Extension.entitlements"; sourceTree = "<group>"; };
		046D86DB1F20FCDB000BC423 /* Charts.xcodeproj */ = {isa = PBXFileReference; lastKnownFileType = "wrapper.pb-project"; name = Charts.xcodeproj; path = "../../Downloads/Charts-master/Charts.xcodeproj"; sourceTree = "<group>"; };
/* End PBXFileReference section */

/* Begin PBXFrameworksBuildPhase section */
		044CEDDB1F169E4E005CBD0E /* Frameworks */ = {
			isa = PBXFrameworksBuildPhase;
			buildActionMask = 2147483647;
			files = (
				04471CA61F1ABC1D00F1023A /* UserNotificationsUI.framework in Frameworks */,
				046D86E41F20FD1D000BC423 /* Charts.framework in Frameworks */,
				04471C9E1F181AB900F1023A /* UserNotifications.framework in Frameworks */,
				044CEE481F16E132005CBD0E /* HealthKit.framework in Frameworks */,
			);
			runOnlyForDeploymentPostprocessing = 0;
		};
		044CEDF21F169E4E005CBD0E /* Frameworks */ = {
			isa = PBXFrameworksBuildPhase;
			buildActionMask = 2147483647;
			files = (
			);
			runOnlyForDeploymentPostprocessing = 0;
		};
		044CEDFD1F169E4F005CBD0E /* Frameworks */ = {
			isa = PBXFrameworksBuildPhase;
			buildActionMask = 2147483647;
			files = (
			);
			runOnlyForDeploymentPostprocessing = 0;
		};
		044CEE1D1F16C32D005CBD0E /* Frameworks */ = {
			isa = PBXFrameworksBuildPhase;
			buildActionMask = 2147483647;
			files = (
				044CEE4A1F16E51D005CBD0E /* HealthKit.framework in Frameworks */,
			);
			runOnlyForDeploymentPostprocessing = 0;
		};
/* End PBXFrameworksBuildPhase section */

/* Begin PBXGroup section */
		042FD2E81F2498FE00A6DF49 /* Utils */ = {
			isa = PBXGroup;
			children = (
				042FD2E51F2498AB00A6DF49 /* Utils.swift */,
			);
			name = Utils;
			sourceTree = "<group>";
		};
		042FD2EB1F269AD100A6DF49 /* Chart */ = {
			isa = PBXGroup;
			children = (
				042FD2E91F2696AD00A6DF49 /* ChartManager.swift */,
			);
			name = Chart;
			sourceTree = "<group>";
		};
		044CEDD51F169E4E005CBD0E = {
			isa = PBXGroup;
			children = (
				046D86DB1F20FCDB000BC423 /* Charts.xcodeproj */,
				044CEDE01F169E4E005CBD0E /* Hal */,
				044CEDF81F169E4F005CBD0E /* BeaconTests */,
				044CEE031F169E4F005CBD0E /* BeaconUITests */,
				044CEE151F16C32D005CBD0E /* Scout Watch App */,
				044CEE241F16C32D005CBD0E /* Scout Watch App Extension */,
				044CEDDF1F169E4E005CBD0E /* Products */,
				044CEE3E1F16D077005CBD0E /* Frameworks */,
			);
			sourceTree = "<group>";
		};
		044CEDDF1F169E4E005CBD0E /* Products */ = {
			isa = PBXGroup;
			children = (
				044CEDDE1F169E4E005CBD0E /* Hal.app */,
				044CEDF51F169E4E005CBD0E /* HalTests.xctest */,
				044CEE001F169E4F005CBD0E /* HalUITests.xctest */,
				044CEE141F16C32D005CBD0E /* Scout Watch App.app */,
				044CEE201F16C32D005CBD0E /* Scout Watch App Extension.appex */,
			);
			name = Products;
			sourceTree = "<group>";
		};
		044CEDE01F169E4E005CBD0E /* Hal */ = {
			isa = PBXGroup;
			children = (
				044CEE3D1F16D076005CBD0E /* Beacon.entitlements */,
				042FD2EB1F269AD100A6DF49 /* Chart */,
				046D86EE1F2237EA000BC423 /* Events */,
				046D86ED1F2237E1000BC423 /* Remote */,
				046D86EF1F2237FA000BC423 /* GlucoseSample */,
				046D86F01F22380B000BC423 /* Math */,
				042FD2E81F2498FE00A6DF49 /* Utils */,
				044CEDE11F169E4E005CBD0E /* AppDelegate.swift */,
				044CEDE31F169E4E005CBD0E /* ViewController.swift */,
				042FD2EC1F26ABAE00A6DF49 /* rob.jpg */,
				044CEDE51F169E4E005CBD0E /* Main.storyboard */,
				044CEDEB1F169E4E005CBD0E /* Assets.xcassets */,
				044CEDED1F169E4E005CBD0E /* LaunchScreen.storyboard */,
				044CEDF01F169E4E005CBD0E /* Info.plist */,
				044CEDE81F169E4E005CBD0E /* Beacon.xcdatamodeld */,
			);
			name = Hal;
			path = Beacon;
			sourceTree = "<group>";
		};
		044CEDF81F169E4F005CBD0E /* BeaconTests */ = {
			isa = PBXGroup;
			children = (
				044CEDF91F169E4F005CBD0E /* BeaconTests.swift */,
				044CEDFB1F169E4F005CBD0E /* Info.plist */,
			);
			path = BeaconTests;
			sourceTree = "<group>";
		};
		044CEE031F169E4F005CBD0E /* BeaconUITests */ = {
			isa = PBXGroup;
			children = (
				044CEE041F169E4F005CBD0E /* BeaconUITests.swift */,
				044CEE061F169E4F005CBD0E /* Info.plist */,
			);
			path = BeaconUITests;
			sourceTree = "<group>";
		};
		044CEE151F16C32D005CBD0E /* Scout Watch App */ = {
			isa = PBXGroup;
			children = (
				044CEE161F16C32D005CBD0E /* Interface.storyboard */,
				044CEE191F16C32D005CBD0E /* Assets.xcassets */,
				044CEE1B1F16C32D005CBD0E /* Info.plist */,
			);
			path = "Scout Watch App";
			sourceTree = "<group>";
		};
		044CEE241F16C32D005CBD0E /* Scout Watch App Extension */ = {
			isa = PBXGroup;
			children = (
				044CEE4B1F16E51D005CBD0E /* Scout Watch App Extension.entitlements */,
				044CEE271F16C32D005CBD0E /* InterfaceController.swift */,
				044CEE291F16C32D005CBD0E /* ExtensionDelegate.swift */,
				044CEE2B1F16C32D005CBD0E /* NotificationController.swift */,
				044CEE2D1F16C32D005CBD0E /* ComplicationController.swift */,
				044CEE2F1F16C32D005CBD0E /* Assets.xcassets */,
				044CEE311F16C32D005CBD0E /* Info.plist */,
				044CEE251F16C32D005CBD0E /* Supporting Files */,
			);
			path = "Scout Watch App Extension";
			sourceTree = "<group>";
		};
		044CEE251F16C32D005CBD0E /* Supporting Files */ = {
			isa = PBXGroup;
			children = (
				044CEE261F16C32D005CBD0E /* PushNotificationPayload.apns */,
			);
			name = "Supporting Files";
			sourceTree = "<group>";
		};
		044CEE3E1F16D077005CBD0E /* Frameworks */ = {
			isa = PBXGroup;
			children = (
				04471CA51F1ABC1D00F1023A /* UserNotificationsUI.framework */,
				04471C9D1F181AB900F1023A /* UserNotifications.framework */,
				044CEE491F16E51D005CBD0E /* HealthKit.framework */,
				044CEE471F16E132005CBD0E /* HealthKit.framework */,
			);
			name = Frameworks;
			sourceTree = "<group>";
		};
		046D86DC1F20FCDB000BC423 /* Products */ = {
			isa = PBXGroup;
			children = (
				046D86E11F20FCDB000BC423 /* Charts.framework */,
				046D86E31F20FCDB000BC423 /* ChartsTests.xctest */,
			);
			name = Products;
			sourceTree = "<group>";
		};
		046D86ED1F2237E1000BC423 /* Remote */ = {
			isa = PBXGroup;
			children = (
				04471C9F1F18982200F1023A /* HKManager.swift */,
				042701271F1EB7D000133257 /* DexcomBridge.swift */,
			);
			name = Remote;
			sourceTree = "<group>";
		};
		046D86EE1F2237EA000BC423 /* Events */ = {
			isa = PBXGroup;
			children = (
				04471CA31F18A29000F1023A /* EventDispatcher.swift */,
			);
			name = Events;
			sourceTree = "<group>";
		};
		046D86EF1F2237FA000BC423 /* GlucoseSample */ = {
			isa = PBXGroup;
			children = (
				042701291F1EC85200133257 /* BGSample.swift */,
			);
			name = GlucoseSample;
			sourceTree = "<group>";
		};
		046D86F01F22380B000BC423 /* Math */ = {
			isa = PBXGroup;
			children = (
				04471CA11F1898DD00F1023A /* Math.swift */,
			);
			name = Math;
			sourceTree = "<group>";
		};
/* End PBXGroup section */

/* Begin PBXNativeTarget section */
		044CEDDD1F169E4E005CBD0E /* Hal */ = {
			isa = PBXNativeTarget;
			buildConfigurationList = 044CEE091F169E4F005CBD0E /* Build configuration list for PBXNativeTarget "Hal" */;
			buildPhases = (
				044CEDDA1F169E4E005CBD0E /* Sources */,
				044CEDDB1F169E4E005CBD0E /* Frameworks */,
				044CEDDC1F169E4E005CBD0E /* Resources */,
				044CEE3C1F16C32D005CBD0E /* Embed Watch Content */,
				046D86E81F20FD1E000BC423 /* Embed Frameworks */,
			);
			buildRules = (
			);
			dependencies = (
				044CEE331F16C32D005CBD0E /* PBXTargetDependency */,
				046D86E71F20FD1D000BC423 /* PBXTargetDependency */,
			);
			name = Hal;
			productName = Beacon;
			productReference = 044CEDDE1F169E4E005CBD0E /* Hal.app */;
			productType = "com.apple.product-type.application";
		};
		044CEDF41F169E4E005CBD0E /* HalTests */ = {
			isa = PBXNativeTarget;
			buildConfigurationList = 044CEE0C1F169E4F005CBD0E /* Build configuration list for PBXNativeTarget "HalTests" */;
			buildPhases = (
				044CEDF11F169E4E005CBD0E /* Sources */,
				044CEDF21F169E4E005CBD0E /* Frameworks */,
				044CEDF31F169E4E005CBD0E /* Resources */,
			);
			buildRules = (
			);
			dependencies = (
				044CEDF71F169E4F005CBD0E /* PBXTargetDependency */,
			);
			name = HalTests;
			productName = BeaconTests;
			productReference = 044CEDF51F169E4E005CBD0E /* HalTests.xctest */;
			productType = "com.apple.product-type.bundle.unit-test";
		};
		044CEDFF1F169E4F005CBD0E /* HalUITests */ = {
			isa = PBXNativeTarget;
			buildConfigurationList = 044CEE0F1F169E4F005CBD0E /* Build configuration list for PBXNativeTarget "HalUITests" */;
			buildPhases = (
				044CEDFC1F169E4F005CBD0E /* Sources */,
				044CEDFD1F169E4F005CBD0E /* Frameworks */,
				044CEDFE1F169E4F005CBD0E /* Resources */,
			);
			buildRules = (
			);
			dependencies = (
				044CEE021F169E4F005CBD0E /* PBXTargetDependency */,
			);
			name = HalUITests;
			productName = BeaconUITests;
			productReference = 044CEE001F169E4F005CBD0E /* HalUITests.xctest */;
			productType = "com.apple.product-type.bundle.ui-testing";
		};
		044CEE131F16C32D005CBD0E /* Scout Watch App */ = {
			isa = PBXNativeTarget;
			buildConfigurationList = 044CEE391F16C32D005CBD0E /* Build configuration list for PBXNativeTarget "Scout Watch App" */;
			buildPhases = (
				044CEE121F16C32D005CBD0E /* Resources */,
				044CEE381F16C32D005CBD0E /* Embed App Extensions */,
			);
			buildRules = (
			);
			dependencies = (
				044CEE231F16C32D005CBD0E /* PBXTargetDependency */,
			);
			name = "Scout Watch App";
			productName = "Scout Watch App";
			productReference = 044CEE141F16C32D005CBD0E /* Scout Watch App.app */;
			productType = "com.apple.product-type.application.watchapp2";
		};
		044CEE1F1F16C32D005CBD0E /* Scout Watch App Extension */ = {
			isa = PBXNativeTarget;
			buildConfigurationList = 044CEE351F16C32D005CBD0E /* Build configuration list for PBXNativeTarget "Scout Watch App Extension" */;
			buildPhases = (
				044CEE1C1F16C32D005CBD0E /* Sources */,
				044CEE1D1F16C32D005CBD0E /* Frameworks */,
				044CEE1E1F16C32D005CBD0E /* Resources */,
			);
			buildRules = (
			);
			dependencies = (
			);
			name = "Scout Watch App Extension";
			productName = "Scout Watch App Extension";
			productReference = 044CEE201F16C32D005CBD0E /* Scout Watch App Extension.appex */;
			productType = "com.apple.product-type.watchkit2-extension";
		};
/* End PBXNativeTarget section */

/* Begin PBXProject section */
		044CEDD61F169E4E005CBD0E /* Project object */ = {
			isa = PBXProject;
			attributes = {
				LastSwiftUpdateCheck = 0830;
				LastUpgradeCheck = 0830;
				ORGANIZATIONNAME = "Thibault Imbert";
				TargetAttributes = {
					044CEDDD1F169E4E005CBD0E = {
						CreatedOnToolsVersion = 8.3.3;
						DevelopmentTeam = KM42YNFQEY;
						ProvisioningStyle = Automatic;
						SystemCapabilities = {
							com.apple.BackgroundModes = {
								enabled = 1;
							};
							com.apple.HealthKit = {
								enabled = 1;
							};
							com.apple.Push = {
								enabled = 1;
							};
						};
					};
					044CEDF41F169E4E005CBD0E = {
						CreatedOnToolsVersion = 8.3.3;
						ProvisioningStyle = Automatic;
						TestTargetID = 044CEDDD1F169E4E005CBD0E;
					};
					044CEDFF1F169E4F005CBD0E = {
						CreatedOnToolsVersion = 8.3.3;
						ProvisioningStyle = Automatic;
						TestTargetID = 044CEDDD1F169E4E005CBD0E;
					};
					044CEE131F16C32D005CBD0E = {
						CreatedOnToolsVersion = 8.3.3;
						DevelopmentTeam = KM42YNFQEY;
						ProvisioningStyle = Automatic;
					};
					044CEE1F1F16C32D005CBD0E = {
						CreatedOnToolsVersion = 8.3.3;
						DevelopmentTeam = KM42YNFQEY;
						ProvisioningStyle = Automatic;
						SystemCapabilities = {
							com.apple.HealthKit.watchos = {
								enabled = 1;
							};
						};
					};
				};
			};
			buildConfigurationList = 044CEDD91F169E4E005CBD0E /* Build configuration list for PBXProject "Hal" */;
			compatibilityVersion = "Xcode 3.2";
			developmentRegion = English;
			hasScannedForEncodings = 0;
			knownRegions = (
				en,
				Base,
			);
			mainGroup = 044CEDD51F169E4E005CBD0E;
			productRefGroup = 044CEDDF1F169E4E005CBD0E /* Products */;
			projectDirPath = "";
			projectReferences = (
				{
					ProductGroup = 046D86DC1F20FCDB000BC423 /* Products */;
					ProjectRef = 046D86DB1F20FCDB000BC423 /* Charts.xcodeproj */;
				},
			);
			projectRoot = "";
			targets = (
				044CEDDD1F169E4E005CBD0E /* Hal */,
				044CEDF41F169E4E005CBD0E /* HalTests */,
				044CEDFF1F169E4F005CBD0E /* HalUITests */,
				044CEE131F16C32D005CBD0E /* Scout Watch App */,
				044CEE1F1F16C32D005CBD0E /* Scout Watch App Extension */,
			);
		};
/* End PBXProject section */

/* Begin PBXReferenceProxy section */
		046D86E11F20FCDB000BC423 /* Charts.framework */ = {
			isa = PBXReferenceProxy;
			fileType = wrapper.framework;
			path = Charts.framework;
			remoteRef = 046D86E01F20FCDB000BC423 /* PBXContainerItemProxy */;
			sourceTree = BUILT_PRODUCTS_DIR;
		};
		046D86E31F20FCDB000BC423 /* ChartsTests.xctest */ = {
			isa = PBXReferenceProxy;
			fileType = wrapper.cfbundle;
			path = ChartsTests.xctest;
			remoteRef = 046D86E21F20FCDB000BC423 /* PBXContainerItemProxy */;
			sourceTree = BUILT_PRODUCTS_DIR;
		};
/* End PBXReferenceProxy section */

/* Begin PBXResourcesBuildPhase section */
		044CEDDC1F169E4E005CBD0E /* Resources */ = {
			isa = PBXResourcesBuildPhase;
			buildActionMask = 2147483647;
			files = (
				044CEDEF1F169E4E005CBD0E /* LaunchScreen.storyboard in Resources */,
				042FD2ED1F26ABAE00A6DF49 /* rob.jpg in Resources */,
				044CEDEC1F169E4E005CBD0E /* Assets.xcassets in Resources */,
				044CEDE71F169E4E005CBD0E /* Main.storyboard in Resources */,
			);
			runOnlyForDeploymentPostprocessing = 0;
		};
		044CEDF31F169E4E005CBD0E /* Resources */ = {
			isa = PBXResourcesBuildPhase;
			buildActionMask = 2147483647;
			files = (
			);
			runOnlyForDeploymentPostprocessing = 0;
		};
		044CEDFE1F169E4F005CBD0E /* Resources */ = {
			isa = PBXResourcesBuildPhase;
			buildActionMask = 2147483647;
			files = (
			);
			runOnlyForDeploymentPostprocessing = 0;
		};
		044CEE121F16C32D005CBD0E /* Resources */ = {
			isa = PBXResourcesBuildPhase;
			buildActionMask = 2147483647;
			files = (
				044CEE1A1F16C32D005CBD0E /* Assets.xcassets in Resources */,
				044CEE181F16C32D005CBD0E /* Interface.storyboard in Resources */,
			);
			runOnlyForDeploymentPostprocessing = 0;
		};
		044CEE1E1F16C32D005CBD0E /* Resources */ = {
			isa = PBXResourcesBuildPhase;
			buildActionMask = 2147483647;
			files = (
				044CEE301F16C32D005CBD0E /* Assets.xcassets in Resources */,
			);
			runOnlyForDeploymentPostprocessing = 0;
		};
/* End PBXResourcesBuildPhase section */

/* Begin PBXSourcesBuildPhase section */
		044CEDDA1F169E4E005CBD0E /* Sources */ = {
			isa = PBXSourcesBuildPhase;
			buildActionMask = 2147483647;
			files = (
				04471CA01F18982200F1023A /* HKManager.swift in Sources */,
				04471CA41F18A29000F1023A /* EventDispatcher.swift in Sources */,
				042FD2E61F2498AC00A6DF49 /* Utils.swift in Sources */,
				044CEDEA1F169E4E005CBD0E /* Beacon.xcdatamodeld in Sources */,
				042701281F1EB7D000133257 /* DexcomBridge.swift in Sources */,
				0427012A1F1EC85200133257 /* BGSample.swift in Sources */,
				042FD2EA1F2696AD00A6DF49 /* ChartManager.swift in Sources */,
				044CEDE41F169E4E005CBD0E /* ViewController.swift in Sources */,
				044CEDE21F169E4E005CBD0E /* AppDelegate.swift in Sources */,
				04471CA21F1898DD00F1023A /* Math.swift in Sources */,
			);
			runOnlyForDeploymentPostprocessing = 0;
		};
		044CEDF11F169E4E005CBD0E /* Sources */ = {
			isa = PBXSourcesBuildPhase;
			buildActionMask = 2147483647;
			files = (
				044CEDFA1F169E4F005CBD0E /* BeaconTests.swift in Sources */,
			);
			runOnlyForDeploymentPostprocessing = 0;
		};
		044CEDFC1F169E4F005CBD0E /* Sources */ = {
			isa = PBXSourcesBuildPhase;
			buildActionMask = 2147483647;
			files = (
				044CEE051F169E4F005CBD0E /* BeaconUITests.swift in Sources */,
			);
			runOnlyForDeploymentPostprocessing = 0;
		};
		044CEE1C1F16C32D005CBD0E /* Sources */ = {
			isa = PBXSourcesBuildPhase;
			buildActionMask = 2147483647;
			files = (
				044CEE2C1F16C32D005CBD0E /* NotificationController.swift in Sources */,
				044CEE2E1F16C32D005CBD0E /* ComplicationController.swift in Sources */,
				044CEE2A1F16C32D005CBD0E /* ExtensionDelegate.swift in Sources */,
				044CEE281F16C32D005CBD0E /* InterfaceController.swift in Sources */,
			);
			runOnlyForDeploymentPostprocessing = 0;
		};
/* End PBXSourcesBuildPhase section */

/* Begin PBXTargetDependency section */
		044CEDF71F169E4F005CBD0E /* PBXTargetDependency */ = {
			isa = PBXTargetDependency;
			target = 044CEDDD1F169E4E005CBD0E /* Hal */;
			targetProxy = 044CEDF61F169E4F005CBD0E /* PBXContainerItemProxy */;
		};
		044CEE021F169E4F005CBD0E /* PBXTargetDependency */ = {
			isa = PBXTargetDependency;
			target = 044CEDDD1F169E4E005CBD0E /* Hal */;
			targetProxy = 044CEE011F169E4F005CBD0E /* PBXContainerItemProxy */;
		};
		044CEE231F16C32D005CBD0E /* PBXTargetDependency */ = {
			isa = PBXTargetDependency;
			target = 044CEE1F1F16C32D005CBD0E /* Scout Watch App Extension */;
			targetProxy = 044CEE221F16C32D005CBD0E /* PBXContainerItemProxy */;
		};
		044CEE331F16C32D005CBD0E /* PBXTargetDependency */ = {
			isa = PBXTargetDependency;
			target = 044CEE131F16C32D005CBD0E /* Scout Watch App */;
			targetProxy = 044CEE321F16C32D005CBD0E /* PBXContainerItemProxy */;
		};
		046D86E71F20FD1D000BC423 /* PBXTargetDependency */ = {
			isa = PBXTargetDependency;
			name = Charts;
			targetProxy = 046D86E61F20FD1D000BC423 /* PBXContainerItemProxy */;
		};
/* End PBXTargetDependency section */

/* Begin PBXVariantGroup section */
		044CEDE51F169E4E005CBD0E /* Main.storyboard */ = {
			isa = PBXVariantGroup;
			children = (
				044CEDE61F169E4E005CBD0E /* Base */,
			);
			name = Main.storyboard;
			sourceTree = "<group>";
		};
		044CEDED1F169E4E005CBD0E /* LaunchScreen.storyboard */ = {
			isa = PBXVariantGroup;
			children = (
				044CEDEE1F169E4E005CBD0E /* Base */,
			);
			name = LaunchScreen.storyboard;
			sourceTree = "<group>";
		};
		044CEE161F16C32D005CBD0E /* Interface.storyboard */ = {
			isa = PBXVariantGroup;
			children = (
				044CEE171F16C32D005CBD0E /* Base */,
			);
			name = Interface.storyboard;
			sourceTree = "<group>";
		};
/* End PBXVariantGroup section */

/* Begin XCBuildConfiguration section */
		044CEE071F169E4F005CBD0E /* Debug */ = {
			isa = XCBuildConfiguration;
			buildSettings = {
				ALWAYS_SEARCH_USER_PATHS = NO;
				CLANG_ANALYZER_NONNULL = YES;
				CLANG_ANALYZER_NUMBER_OBJECT_CONVERSION = YES_AGGRESSIVE;
				CLANG_CXX_LANGUAGE_STANDARD = "gnu++0x";
				CLANG_CXX_LIBRARY = "libc++";
				CLANG_ENABLE_MODULES = YES;
				CLANG_ENABLE_OBJC_ARC = YES;
				CLANG_WARN_BOOL_CONVERSION = YES;
				CLANG_WARN_CONSTANT_CONVERSION = YES;
				CLANG_WARN_DIRECT_OBJC_ISA_USAGE = YES_ERROR;
				CLANG_WARN_DOCUMENTATION_COMMENTS = YES;
				CLANG_WARN_EMPTY_BODY = YES;
				CLANG_WARN_ENUM_CONVERSION = YES;
				CLANG_WARN_INFINITE_RECURSION = YES;
				CLANG_WARN_INT_CONVERSION = YES;
				CLANG_WARN_OBJC_ROOT_CLASS = YES_ERROR;
				CLANG_WARN_SUSPICIOUS_MOVE = YES;
				CLANG_WARN_UNREACHABLE_CODE = YES;
				CLANG_WARN__DUPLICATE_METHOD_MATCH = YES;
				"CODE_SIGN_IDENTITY[sdk=iphoneos*]" = "iPhone Developer";
				COPY_PHASE_STRIP = NO;
				DEBUG_INFORMATION_FORMAT = dwarf;
				ENABLE_STRICT_OBJC_MSGSEND = YES;
				ENABLE_TESTABILITY = YES;
				GCC_C_LANGUAGE_STANDARD = gnu99;
				GCC_DYNAMIC_NO_PIC = NO;
				GCC_NO_COMMON_BLOCKS = YES;
				GCC_OPTIMIZATION_LEVEL = 0;
				GCC_PREPROCESSOR_DEFINITIONS = (
					"DEBUG=1",
					"$(inherited)",
				);
				GCC_WARN_64_TO_32_BIT_CONVERSION = YES;
				GCC_WARN_ABOUT_RETURN_TYPE = YES_ERROR;
				GCC_WARN_UNDECLARED_SELECTOR = YES;
				GCC_WARN_UNINITIALIZED_AUTOS = YES_AGGRESSIVE;
				GCC_WARN_UNUSED_FUNCTION = YES;
				GCC_WARN_UNUSED_VARIABLE = YES;
				IPHONEOS_DEPLOYMENT_TARGET = 10.3;
				MTL_ENABLE_DEBUG_INFO = YES;
				ONLY_ACTIVE_ARCH = YES;
				SDKROOT = iphoneos;
				SWIFT_ACTIVE_COMPILATION_CONDITIONS = DEBUG;
				SWIFT_OPTIMIZATION_LEVEL = "-Onone";
				TARGETED_DEVICE_FAMILY = "1,2";
			};
			name = Debug;
		};
		044CEE081F169E4F005CBD0E /* Release */ = {
			isa = XCBuildConfiguration;
			buildSettings = {
				ALWAYS_SEARCH_USER_PATHS = NO;
				CLANG_ANALYZER_NONNULL = YES;
				CLANG_ANALYZER_NUMBER_OBJECT_CONVERSION = YES_AGGRESSIVE;
				CLANG_CXX_LANGUAGE_STANDARD = "gnu++0x";
				CLANG_CXX_LIBRARY = "libc++";
				CLANG_ENABLE_MODULES = YES;
				CLANG_ENABLE_OBJC_ARC = YES;
				CLANG_WARN_BOOL_CONVERSION = YES;
				CLANG_WARN_CONSTANT_CONVERSION = YES;
				CLANG_WARN_DIRECT_OBJC_ISA_USAGE = YES_ERROR;
				CLANG_WARN_DOCUMENTATION_COMMENTS = YES;
				CLANG_WARN_EMPTY_BODY = YES;
				CLANG_WARN_ENUM_CONVERSION = YES;
				CLANG_WARN_INFINITE_RECURSION = YES;
				CLANG_WARN_INT_CONVERSION = YES;
				CLANG_WARN_OBJC_ROOT_CLASS = YES_ERROR;
				CLANG_WARN_SUSPICIOUS_MOVE = YES;
				CLANG_WARN_UNREACHABLE_CODE = YES;
				CLANG_WARN__DUPLICATE_METHOD_MATCH = YES;
				"CODE_SIGN_IDENTITY[sdk=iphoneos*]" = "iPhone Developer";
				COPY_PHASE_STRIP = NO;
				DEBUG_INFORMATION_FORMAT = "dwarf-with-dsym";
				ENABLE_NS_ASSERTIONS = NO;
				ENABLE_STRICT_OBJC_MSGSEND = YES;
				GCC_C_LANGUAGE_STANDARD = gnu99;
				GCC_NO_COMMON_BLOCKS = YES;
				GCC_WARN_64_TO_32_BIT_CONVERSION = YES;
				GCC_WARN_ABOUT_RETURN_TYPE = YES_ERROR;
				GCC_WARN_UNDECLARED_SELECTOR = YES;
				GCC_WARN_UNINITIALIZED_AUTOS = YES_AGGRESSIVE;
				GCC_WARN_UNUSED_FUNCTION = YES;
				GCC_WARN_UNUSED_VARIABLE = YES;
				IPHONEOS_DEPLOYMENT_TARGET = 10.3;
				MTL_ENABLE_DEBUG_INFO = NO;
				SDKROOT = iphoneos;
				SWIFT_OPTIMIZATION_LEVEL = "-Owholemodule";
				TARGETED_DEVICE_FAMILY = "1,2";
				VALIDATE_PRODUCT = YES;
			};
			name = Release;
		};
		044CEE0A1F169E4F005CBD0E /* Debug */ = {
			isa = XCBuildConfiguration;
			buildSettings = {
				ALWAYS_EMBED_SWIFT_STANDARD_LIBRARIES = YES;
				ASSETCATALOG_COMPILER_APPICON_NAME = AppIcon;
				CODE_SIGN_ENTITLEMENTS = Beacon/Beacon.entitlements;
				"CODE_SIGN_IDENTITY[sdk=iphoneos*]" = "iPhone Developer";
				DEVELOPMENT_TEAM = KM42YNFQEY;
				INFOPLIST_FILE = Beacon/Info.plist;
				LD_RUNPATH_SEARCH_PATHS = "$(inherited) @executable_path/Frameworks";
				PRODUCT_BUNDLE_IDENTIFIER = "com.beacon-app.scout";
				PRODUCT_NAME = "$(TARGET_NAME)";
				PROVISIONING_PROFILE_SPECIFIER = "";
				SWIFT_VERSION = 3.0;
			};
			name = Debug;
		};
		044CEE0B1F169E4F005CBD0E /* Release */ = {
			isa = XCBuildConfiguration;
			buildSettings = {
				ALWAYS_EMBED_SWIFT_STANDARD_LIBRARIES = YES;
				ASSETCATALOG_COMPILER_APPICON_NAME = AppIcon;
				CODE_SIGN_ENTITLEMENTS = Beacon/Beacon.entitlements;
				"CODE_SIGN_IDENTITY[sdk=iphoneos*]" = "iPhone Developer";
				DEVELOPMENT_TEAM = KM42YNFQEY;
				INFOPLIST_FILE = Beacon/Info.plist;
				LD_RUNPATH_SEARCH_PATHS = "$(inherited) @executable_path/Frameworks";
				PRODUCT_BUNDLE_IDENTIFIER = "com.beacon-app.scout";
				PRODUCT_NAME = "$(TARGET_NAME)";
				PROVISIONING_PROFILE_SPECIFIER = "";
				SWIFT_VERSION = 3.0;
			};
			name = Release;
		};
		044CEE0D1F169E4F005CBD0E /* Debug */ = {
			isa = XCBuildConfiguration;
			buildSettings = {
				ALWAYS_EMBED_SWIFT_STANDARD_LIBRARIES = YES;
				BUNDLE_LOADER = "$(TEST_HOST)";
				INFOPLIST_FILE = BeaconTests/Info.plist;
				LD_RUNPATH_SEARCH_PATHS = "$(inherited) @executable_path/Frameworks @loader_path/Frameworks";
				PRODUCT_BUNDLE_IDENTIFIER = io.BeaconTests;
				PRODUCT_NAME = "$(TARGET_NAME)";
				SWIFT_VERSION = 3.0;
				TEST_HOST = "$(BUILT_PRODUCTS_DIR)/Hal.app/Hal";
			};
			name = Debug;
		};
		044CEE0E1F169E4F005CBD0E /* Release */ = {
			isa = XCBuildConfiguration;
			buildSettings = {
				ALWAYS_EMBED_SWIFT_STANDARD_LIBRARIES = YES;
				BUNDLE_LOADER = "$(TEST_HOST)";
				INFOPLIST_FILE = BeaconTests/Info.plist;
				LD_RUNPATH_SEARCH_PATHS = "$(inherited) @executable_path/Frameworks @loader_path/Frameworks";
				PRODUCT_BUNDLE_IDENTIFIER = io.BeaconTests;
				PRODUCT_NAME = "$(TARGET_NAME)";
				SWIFT_VERSION = 3.0;
				TEST_HOST = "$(BUILT_PRODUCTS_DIR)/Hal.app/Hal";
			};
			name = Release;
		};
		044CEE101F169E4F005CBD0E /* Debug */ = {
			isa = XCBuildConfiguration;
			buildSettings = {
				ALWAYS_EMBED_SWIFT_STANDARD_LIBRARIES = YES;
				INFOPLIST_FILE = BeaconUITests/Info.plist;
				LD_RUNPATH_SEARCH_PATHS = "$(inherited) @executable_path/Frameworks @loader_path/Frameworks";
				PRODUCT_BUNDLE_IDENTIFIER = io.BeaconUITests;
				PRODUCT_NAME = "$(TARGET_NAME)";
				SWIFT_VERSION = 3.0;
				TEST_TARGET_NAME = Beacon;
			};
			name = Debug;
		};
		044CEE111F169E4F005CBD0E /* Release */ = {
			isa = XCBuildConfiguration;
			buildSettings = {
				ALWAYS_EMBED_SWIFT_STANDARD_LIBRARIES = YES;
				INFOPLIST_FILE = BeaconUITests/Info.plist;
				LD_RUNPATH_SEARCH_PATHS = "$(inherited) @executable_path/Frameworks @loader_path/Frameworks";
				PRODUCT_BUNDLE_IDENTIFIER = io.BeaconUITests;
				PRODUCT_NAME = "$(TARGET_NAME)";
				SWIFT_VERSION = 3.0;
				TEST_TARGET_NAME = Beacon;
			};
			name = Release;
		};
		044CEE361F16C32D005CBD0E /* Debug */ = {
			isa = XCBuildConfiguration;
			buildSettings = {
				ASSETCATALOG_COMPILER_COMPLICATION_NAME = Complication;
				CODE_SIGN_ENTITLEMENTS = "Scout Watch App Extension/Scout Watch App Extension.entitlements";
				DEVELOPMENT_TEAM = KM42YNFQEY;
				INFOPLIST_FILE = "Scout Watch App Extension/Info.plist";
				LD_RUNPATH_SEARCH_PATHS = "$(inherited) @executable_path/Frameworks @executable_path/../../Frameworks";
				PRODUCT_BUNDLE_IDENTIFIER = io.Beacon.watchkitapp.watchkitextension;
				PRODUCT_NAME = "${TARGET_NAME}";
				SDKROOT = watchos;
				SKIP_INSTALL = YES;
				SWIFT_VERSION = 3.0;
				TARGETED_DEVICE_FAMILY = 4;
				WATCHOS_DEPLOYMENT_TARGET = 3.2;
			};
			name = Debug;
		};
		044CEE371F16C32D005CBD0E /* Release */ = {
			isa = XCBuildConfiguration;
			buildSettings = {
				ASSETCATALOG_COMPILER_COMPLICATION_NAME = Complication;
				CODE_SIGN_ENTITLEMENTS = "Scout Watch App Extension/Scout Watch App Extension.entitlements";
				DEVELOPMENT_TEAM = KM42YNFQEY;
				INFOPLIST_FILE = "Scout Watch App Extension/Info.plist";
				LD_RUNPATH_SEARCH_PATHS = "$(inherited) @executable_path/Frameworks @executable_path/../../Frameworks";
				PRODUCT_BUNDLE_IDENTIFIER = io.Beacon.watchkitapp.watchkitextension;
				PRODUCT_NAME = "${TARGET_NAME}";
				SDKROOT = watchos;
				SKIP_INSTALL = YES;
				SWIFT_VERSION = 3.0;
				TARGETED_DEVICE_FAMILY = 4;
				WATCHOS_DEPLOYMENT_TARGET = 3.2;
			};
			name = Release;
		};
		044CEE3A1F16C32D005CBD0E /* Debug */ = {
			isa = XCBuildConfiguration;
			buildSettings = {
				ALWAYS_EMBED_SWIFT_STANDARD_LIBRARIES = YES;
				ASSETCATALOG_COMPILER_APPICON_NAME = AppIcon;
				DEVELOPMENT_TEAM = KM42YNFQEY;
				IBSC_MODULE = Scout_Watch_App_Extension;
				INFOPLIST_FILE = "Scout Watch App/Info.plist";
				PRODUCT_BUNDLE_IDENTIFIER = io.Beacon.watchkitapp;
				PRODUCT_NAME = "$(TARGET_NAME)";
				SDKROOT = watchos;
				SKIP_INSTALL = YES;
				SWIFT_VERSION = 3.0;
				TARGETED_DEVICE_FAMILY = 4;
				WATCHOS_DEPLOYMENT_TARGET = 3.2;
			};
			name = Debug;
		};
		044CEE3B1F16C32D005CBD0E /* Release */ = {
			isa = XCBuildConfiguration;
			buildSettings = {
				ALWAYS_EMBED_SWIFT_STANDARD_LIBRARIES = YES;
				ASSETCATALOG_COMPILER_APPICON_NAME = AppIcon;
				DEVELOPMENT_TEAM = KM42YNFQEY;
				IBSC_MODULE = Scout_Watch_App_Extension;
				INFOPLIST_FILE = "Scout Watch App/Info.plist";
				PRODUCT_BUNDLE_IDENTIFIER = io.Beacon.watchkitapp;
				PRODUCT_NAME = "$(TARGET_NAME)";
				SDKROOT = watchos;
				SKIP_INSTALL = YES;
				SWIFT_VERSION = 3.0;
				TARGETED_DEVICE_FAMILY = 4;
				WATCHOS_DEPLOYMENT_TARGET = 3.2;
			};
			name = Release;
		};
/* End XCBuildConfiguration section */

/* Begin XCConfigurationList section */
		044CEDD91F169E4E005CBD0E /* Build configuration list for PBXProject "Hal" */ = {
			isa = XCConfigurationList;
			buildConfigurations = (
				044CEE071F169E4F005CBD0E /* Debug */,
				044CEE081F169E4F005CBD0E /* Release */,
			);
			defaultConfigurationIsVisible = 0;
			defaultConfigurationName = Release;
		};
		044CEE091F169E4F005CBD0E /* Build configuration list for PBXNativeTarget "Hal" */ = {
			isa = XCConfigurationList;
			buildConfigurations = (
				044CEE0A1F169E4F005CBD0E /* Debug */,
				044CEE0B1F169E4F005CBD0E /* Release */,
			);
			defaultConfigurationIsVisible = 0;
			defaultConfigurationName = Release;
		};
		044CEE0C1F169E4F005CBD0E /* Build configuration list for PBXNativeTarget "HalTests" */ = {
			isa = XCConfigurationList;
			buildConfigurations = (
				044CEE0D1F169E4F005CBD0E /* Debug */,
				044CEE0E1F169E4F005CBD0E /* Release */,
			);
			defaultConfigurationIsVisible = 0;
			defaultConfigurationName = Release;
		};
		044CEE0F1F169E4F005CBD0E /* Build configuration list for PBXNativeTarget "HalUITests" */ = {
			isa = XCConfigurationList;
			buildConfigurations = (
				044CEE101F169E4F005CBD0E /* Debug */,
				044CEE111F169E4F005CBD0E /* Release */,
			);
			defaultConfigurationIsVisible = 0;
			defaultConfigurationName = Release;
		};
		044CEE351F16C32D005CBD0E /* Build configuration list for PBXNativeTarget "Scout Watch App Extension" */ = {
			isa = XCConfigurationList;
			buildConfigurations = (
				044CEE361F16C32D005CBD0E /* Debug */,
				044CEE371F16C32D005CBD0E /* Release */,
			);
			defaultConfigurationIsVisible = 0;
			defaultConfigurationName = Release;
		};
		044CEE391F16C32D005CBD0E /* Build configuration list for PBXNativeTarget "Scout Watch App" */ = {
			isa = XCConfigurationList;
			buildConfigurations = (
				044CEE3A1F16C32D005CBD0E /* Debug */,
				044CEE3B1F16C32D005CBD0E /* Release */,
			);
			defaultConfigurationIsVisible = 0;
			defaultConfigurationName = Release;
		};
/* End XCConfigurationList section */

/* Begin XCVersionGroup section */
		044CEDE81F169E4E005CBD0E /* Beacon.xcdatamodeld */ = {
			isa = XCVersionGroup;
			children = (
				044CEDE91F169E4E005CBD0E /* Beacon.xcdatamodel */,
			);
			currentVersion = 044CEDE91F169E4E005CBD0E /* Beacon.xcdatamodel */;
			path = Beacon.xcdatamodeld;
			sourceTree = "<group>";
			versionGroupType = wrapper.xcdatamodel;
		};
/* End XCVersionGroup section */
	};
	rootObject = 044CEDD61F169E4E005CBD0E /* Project object */;
}
